
Microsoft Visual Studio Solution File, Format Version 12.00
# Visual Studio 14
VisualStudioVersion = 14.0.22823.1
MinimumVisualStudioVersion = 10.0.40219.1
Project("{2150E333-8FDC-42A3-9474-1A3956D46DE8}") = "Solution Items", "Solution Items", "{AD2899AA-CBCB-434A-9A35-EDA79C244C9C}"
	ProjectSection(SolutionItems) = preProject
		readme.md = readme.md
	EndProjectSection
EndProject
Project("{FAE04EC0-301F-11D3-BF4B-00C04F79EFBC}") = "battleships.core", "battleships.core\battleships.core.csproj", "{0AE2D05A-6903-4500-94D7-23F7E47EC742}"
EndProject
Project("{FAE04EC0-301F-11D3-BF4B-00C04F79EFBC}") = "battleships.console", "battleships.console\battleships.console.csproj", "{7FCDFD32-38A6-46DC-A0D6-95287EE4DF8B}"
EndProject
Global
	GlobalSection(SolutionConfigurationPlatforms) = preSolution
		Debug|Any CPU = Debug|Any CPU
		Release|Any CPU = Release|Any CPU
	EndGlobalSection
	GlobalSection(ProjectConfigurationPlatforms) = postSolution
		{0AE2D05A-6903-4500-94D7-23F7E47EC742}.Debug|Any CPU.ActiveCfg = Debug|Any CPU
		{0AE2D05A-6903-4500-94D7-23F7E47EC742}.Debug|Any CPU.Build.0 = Debug|Any CPU
		{0AE2D05A-6903-4500-94D7-23F7E47EC742}.Release|Any CPU.ActiveCfg = Release|Any CPU
		{0AE2D05A-6903-4500-94D7-23F7E47EC742}.Release|Any CPU.Build.0 = Release|Any CPU
		{7FCDFD32-38A6-46DC-A0D6-95287EE4DF8B}.Debug|Any CPU.ActiveCfg = Debug|Any CPU
		{7FCDFD32-38A6-46DC-A0D6-95287EE4DF8B}.Debug|Any CPU.Build.0 = Debug|Any CPU
		{7FCDFD32-38A6-46DC-A0D6-95287EE4DF8B}.Release|Any CPU.ActiveCfg = Release|Any CPU
		{7FCDFD32-38A6-46DC-A0D6-95287EE4DF8B}.Release|Any CPU.Build.0 = Release|Any CPU
	EndGlobalSection
	GlobalSection(SolutionProperties) = preSolution
		HideSolutionNode = FALSE
	EndGlobalSection
EndGlobal
