
Microsoft Visual Studio Solution File, Format Version 12.00
# Visual Studio 14
VisualStudioVersion = 14.0.22609.0
MinimumVisualStudioVersion = 10.0.40219.1
Project("{FAE04EC0-301F-11D3-BF4B-00C04F79EFBC}") = "anagram", "anagram.csproj", "{0A95D8A3-25AF-4823-A109-C556C6F0FB38}"
EndProject
Global
	GlobalSection(SolutionConfigurationPlatforms) = preSolution
		Debug|Any CPU = Debug|Any CPU
		Release|Any CPU = Release|Any CPU
	EndGlobalSection
	GlobalSection(ProjectConfigurationPlatforms) = postSolution
		{0A95D8A3-25AF-4823-A109-C556C6F0FB38}.Debug|Any CPU.ActiveCfg = Debug|Any CPU
		{0A95D8A3-25AF-4823-A109-C556C6F0FB38}.Debug|Any CPU.Build.0 = Debug|Any CPU
		{0A95D8A3-25AF-4823-A109-C556C6F0FB38}.Release|Any CPU.ActiveCfg = Release|Any CPU
		{0A95D8A3-25AF-4823-A109-C556C6F0FB38}.Release|Any CPU.Build.0 = Release|Any CPU
	EndGlobalSection
	GlobalSection(SolutionProperties) = preSolution
		HideSolutionNode = FALSE
	EndGlobalSection
EndGlobal
