
Microsoft Visual Studio Solution File, Format Version 12.00
# Visual Studio 14
VisualStudioVersion = 14.0.22823.1
MinimumVisualStudioVersion = 10.0.40219.1
Project("{FAE04EC0-301F-11D3-BF4B-00C04F79EFBC}") = "Checkout.Core", "Checkout.Core\Checkout.Core.csproj", "{EF7FE8C1-4B7C-4294-BDD8-530935F0C8A4}"
EndProject
Project("{FAE04EC0-301F-11D3-BF4B-00C04F79EFBC}") = "Checkout.Tests", "Checkout.Test\Checkout.Tests.csproj", "{6F8AA482-1FF4-4B6E-BDDF-0B940325FBE0}"
EndProject
Project("{FAE04EC0-301F-11D3-BF4B-00C04F79EFBC}") = "Checkout.Console", "Checkout.Console\Checkout.Console.csproj", "{0E11A698-2F82-4930-9545-DF606F840629}"
EndProject
Project("{F2A71F9B-5D33-465A-A702-920D77279786}") = "FSharpConsole", "FSharpConsole\FSharpConsole.fsproj", "{9BFB9F9D-51CD-4643-B1FF-E89ED814731C}"
EndProject
Global
	GlobalSection(SolutionConfigurationPlatforms) = preSolution
		Debug|Any CPU = Debug|Any CPU
		Release|Any CPU = Release|Any CPU
	EndGlobalSection
	GlobalSection(ProjectConfigurationPlatforms) = postSolution
		{EF7FE8C1-4B7C-4294-BDD8-530935F0C8A4}.Debug|Any CPU.ActiveCfg = Debug|Any CPU
		{EF7FE8C1-4B7C-4294-BDD8-530935F0C8A4}.Debug|Any CPU.Build.0 = Debug|Any CPU
		{EF7FE8C1-4B7C-4294-BDD8-530935F0C8A4}.Release|Any CPU.ActiveCfg = Release|Any CPU
		{EF7FE8C1-4B7C-4294-BDD8-530935F0C8A4}.Release|Any CPU.Build.0 = Release|Any CPU
		{6F8AA482-1FF4-4B6E-BDDF-0B940325FBE0}.Debug|Any CPU.ActiveCfg = Debug|Any CPU
		{6F8AA482-1FF4-4B6E-BDDF-0B940325FBE0}.Debug|Any CPU.Build.0 = Debug|Any CPU
		{6F8AA482-1FF4-4B6E-BDDF-0B940325FBE0}.Release|Any CPU.ActiveCfg = Release|Any CPU
		{6F8AA482-1FF4-4B6E-BDDF-0B940325FBE0}.Release|Any CPU.Build.0 = Release|Any CPU
		{0E11A698-2F82-4930-9545-DF606F840629}.Debug|Any CPU.ActiveCfg = Debug|Any CPU
		{0E11A698-2F82-4930-9545-DF606F840629}.Debug|Any CPU.Build.0 = Debug|Any CPU
		{0E11A698-2F82-4930-9545-DF606F840629}.Release|Any CPU.ActiveCfg = Release|Any CPU
		{0E11A698-2F82-4930-9545-DF606F840629}.Release|Any CPU.Build.0 = Release|Any CPU
		{9BFB9F9D-51CD-4643-B1FF-E89ED814731C}.Debug|Any CPU.ActiveCfg = Debug|Any CPU
		{9BFB9F9D-51CD-4643-B1FF-E89ED814731C}.Debug|Any CPU.Build.0 = Debug|Any CPU
		{9BFB9F9D-51CD-4643-B1FF-E89ED814731C}.Release|Any CPU.ActiveCfg = Release|Any CPU
		{9BFB9F9D-51CD-4643-B1FF-E89ED814731C}.Release|Any CPU.Build.0 = Release|Any CPU
	EndGlobalSection
	GlobalSection(SolutionProperties) = preSolution
		HideSolutionNode = FALSE
	EndGlobalSection
EndGlobal
